
Microsoft Visual Studio Solution File, Format Version 12.00
# Visual Studio Version 16
VisualStudioVersion = 16.0.32630.194
MinimumVisualStudioVersion = 10.0.40219.1
Project("{FAE04EC0-301F-11D3-BF4B-00C04F79EFBC}") = "Second Question", "Second Question\Second Question.csproj", "{CFA17658-3FB2-431F-86CB-8BD9F978E32A}"
EndProject
Global
	GlobalSection(SolutionConfigurationPlatforms) = preSolution
		Debug|Any CPU = Debug|Any CPU
		Release|Any CPU = Release|Any CPU
	EndGlobalSection
	GlobalSection(ProjectConfigurationPlatforms) = postSolution
		{CFA17658-3FB2-431F-86CB-8BD9F978E32A}.Debug|Any CPU.ActiveCfg = Debug|Any CPU
		{CFA17658-3FB2-431F-86CB-8BD9F978E32A}.Debug|Any CPU.Build.0 = Debug|Any CPU
		{CFA17658-3FB2-431F-86CB-8BD9F978E32A}.Release|Any CPU.ActiveCfg = Release|Any CPU
		{CFA17658-3FB2-431F-86CB-8BD9F978E32A}.Release|Any CPU.Build.0 = Release|Any CPU
	EndGlobalSection
	GlobalSection(SolutionProperties) = preSolution
		HideSolutionNode = FALSE
	EndGlobalSection
	GlobalSection(ExtensibilityGlobals) = postSolution
		SolutionGuid = {A0F3E2C3-FBF3-4FD5-883C-8F1FA626B2C6}
	EndGlobalSection
EndGlobal
